// !$*UTF8*$!
{
	archiveVersion = 1;
	classes = {
	};
	objectVersion = 50;
	objects = {

/* Begin PBXBuildFile section */
		1D24794624D6A87D0085AB8A /* AppDelegate.swift in Sources */ = {isa = PBXBuildFile; fileRef = 1D24794524D6A87D0085AB8A /* AppDelegate.swift */; };
		1D24794824D6A87D0085AB8A /* SceneDelegate.swift in Sources */ = {isa = PBXBuildFile; fileRef = 1D24794724D6A87D0085AB8A /* SceneDelegate.swift */; };
		1D24794A24D6A87D0085AB8A /* ViewController.swift in Sources */ = {isa = PBXBuildFile; fileRef = 1D24794924D6A87D0085AB8A /* ViewController.swift */; };
		1D24794D24D6A87D0085AB8A /* Main.storyboard in Resources */ = {isa = PBXBuildFile; fileRef = 1D24794B24D6A87D0085AB8A /* Main.storyboard */; };
		1D24794F24D6A8800085AB8A /* Assets.xcassets in Resources */ = {isa = PBXBuildFile; fileRef = 1D24794E24D6A8800085AB8A /* Assets.xcassets */; };
		1D24795224D6A8800085AB8A /* LaunchScreen.storyboard in Resources */ = {isa = PBXBuildFile; fileRef = 1D24795024D6A8800085AB8A /* LaunchScreen.storyboard */; };
		1D24795A24D6AD160085AB8A /* ColormindAPI.swift in Sources */ = {isa = PBXBuildFile; fileRef = 1D24795924D6AD160085AB8A /* ColormindAPI.swift */; };
		1D24795C24D6B3060085AB8A /* DataApi.swift in Sources */ = {isa = PBXBuildFile; fileRef = 1D24795B24D6B3060085AB8A /* DataApi.swift */; };
		1D24796824D6E6BC0085AB8A /* NavBarViewController.swift in Sources */ = {isa = PBXBuildFile; fileRef = 1D24796724D6E6BC0085AB8A /* NavBarViewController.swift */; };
		1D24796C24D6F0440085AB8A /* Model.xcdatamodeld in Sources */ = {isa = PBXBuildFile; fileRef = 1D24796A24D6F0440085AB8A /* Model.xcdatamodeld */; };
		1D24796E24D6F3290085AB8A /* ListColorsTableViewController.swift in Sources */ = {isa = PBXBuildFile; fileRef = 1D24796D24D6F3290085AB8A /* ListColorsTableViewController.swift */; };
		1D24797024D6F5950085AB8A /* DataController.swift in Sources */ = {isa = PBXBuildFile; fileRef = 1D24796F24D6F5950085AB8A /* DataController.swift */; };
/* End PBXBuildFile section */

/* Begin PBXFileReference section */
		1D24794224D6A87D0085AB8A /* colormind-test.app */ = {isa = PBXFileReference; explicitFileType = wrapper.application; includeInIndex = 0; path = "colormind-test.app"; sourceTree = BUILT_PRODUCTS_DIR; };
		1D24794524D6A87D0085AB8A /* AppDelegate.swift */ = {isa = PBXFileReference; lastKnownFileType = sourcecode.swift; path = AppDelegate.swift; sourceTree = "<group>"; };
		1D24794724D6A87D0085AB8A /* SceneDelegate.swift */ = {isa = PBXFileReference; lastKnownFileType = sourcecode.swift; path = SceneDelegate.swift; sourceTree = "<group>"; };
		1D24794924D6A87D0085AB8A /* ViewController.swift */ = {isa = PBXFileReference; lastKnownFileType = sourcecode.swift; path = ViewController.swift; sourceTree = "<group>"; };
		1D24794C24D6A87D0085AB8A /* Base */ = {isa = PBXFileReference; lastKnownFileType = file.storyboard; name = Base; path = Base.lproj/Main.storyboard; sourceTree = "<group>"; };
		1D24794E24D6A8800085AB8A /* Assets.xcassets */ = {isa = PBXFileReference; lastKnownFileType = folder.assetcatalog; path = Assets.xcassets; sourceTree = "<group>"; };
		1D24795124D6A8800085AB8A /* Base */ = {isa = PBXFileReference; lastKnownFileType = file.storyboard; name = Base; path = Base.lproj/LaunchScreen.storyboard; sourceTree = "<group>"; };
		1D24795324D6A8800085AB8A /* Info.plist */ = {isa = PBXFileReference; lastKnownFileType = text.plist.xml; path = Info.plist; sourceTree = "<group>"; };
		1D24795924D6AD160085AB8A /* ColormindAPI.swift */ = {isa = PBXFileReference; lastKnownFileType = sourcecode.swift; path = ColormindAPI.swift; sourceTree = "<group>"; };
		1D24795B24D6B3060085AB8A /* DataApi.swift */ = {isa = PBXFileReference; lastKnownFileType = sourcecode.swift; path = DataApi.swift; sourceTree = "<group>"; };
		1D24796724D6E6BC0085AB8A /* NavBarViewController.swift */ = {isa = PBXFileReference; lastKnownFileType = sourcecode.swift; path = NavBarViewController.swift; sourceTree = "<group>"; };
		1D24796B24D6F0440085AB8A /* Model.xcdatamodel */ = {isa = PBXFileReference; lastKnownFileType = wrapper.xcdatamodel; path = Model.xcdatamodel; sourceTree = "<group>"; };
		1D24796D24D6F3290085AB8A /* ListColorsTableViewController.swift */ = {isa = PBXFileReference; lastKnownFileType = sourcecode.swift; path = ListColorsTableViewController.swift; sourceTree = "<group>"; };
		1D24796F24D6F5950085AB8A /* DataController.swift */ = {isa = PBXFileReference; lastKnownFileType = sourcecode.swift; path = DataController.swift; sourceTree = "<group>"; };
/* End PBXFileReference section */

/* Begin PBXFrameworksBuildPhase section */
		1D24793F24D6A87D0085AB8A /* Frameworks */ = {
			isa = PBXFrameworksBuildPhase;
			buildActionMask = 2147483647;
			files = (
			);
			runOnlyForDeploymentPostprocessing = 0;
		};
/* End PBXFrameworksBuildPhase section */

/* Begin PBXGroup section */
		1D24793924D6A87D0085AB8A = {
			isa = PBXGroup;
			children = (
				1D24794424D6A87D0085AB8A /* colormind-test */,
				1D24794324D6A87D0085AB8A /* Products */,
			);
			sourceTree = "<group>";
		};
		1D24794324D6A87D0085AB8A /* Products */ = {
			isa = PBXGroup;
			children = (
				1D24794224D6A87D0085AB8A /* colormind-test.app */,
			);
			name = Products;
			sourceTree = "<group>";
		};
		1D24794424D6A87D0085AB8A /* colormind-test */ = {
			isa = PBXGroup;
			children = (
				1D24795F24D6E2260085AB8A /* View */,
				1D24795E24D6E21E0085AB8A /* Model */,
				1D24795D24D6E2150085AB8A /* Controller */,
				1D24794524D6A87D0085AB8A /* AppDelegate.swift */,
				1D24794724D6A87D0085AB8A /* SceneDelegate.swift */,
				1D24795324D6A8800085AB8A /* Info.plist */,
			);
			path = "colormind-test";
			sourceTree = "<group>";
		};
		1D24795D24D6E2150085AB8A /* Controller */ = {
			isa = PBXGroup;
			children = (
				1D24794924D6A87D0085AB8A /* ViewController.swift */,
				1D24796724D6E6BC0085AB8A /* NavBarViewController.swift */,
				1D24796D24D6F3290085AB8A /* ListColorsTableViewController.swift */,
			);
			path = Controller;
			sourceTree = "<group>";
		};
		1D24795E24D6E21E0085AB8A /* Model */ = {
			isa = PBXGroup;
			children = (
				1D24796924D6EB160085AB8A /* Network */,
				1D24796A24D6F0440085AB8A /* Model.xcdatamodeld */,
				1D24796F24D6F5950085AB8A /* DataController.swift */,
			);
			path = Model;
			sourceTree = "<group>";
		};
		1D24795F24D6E2260085AB8A /* View */ = {
			isa = PBXGroup;
			children = (
				1D24794B24D6A87D0085AB8A /* Main.storyboard */,
				1D24794E24D6A8800085AB8A /* Assets.xcassets */,
				1D24795024D6A8800085AB8A /* LaunchScreen.storyboard */,
			);
			path = View;
			sourceTree = "<group>";
		};
		1D24796924D6EB160085AB8A /* Network */ = {
			isa = PBXGroup;
			children = (
				1D24795924D6AD160085AB8A /* ColormindAPI.swift */,
				1D24795B24D6B3060085AB8A /* DataApi.swift */,
			);
			path = Network;
			sourceTree = "<group>";
		};
/* End PBXGroup section */

/* Begin PBXNativeTarget section */
		1D24794124D6A87D0085AB8A /* colormind-test */ = {
			isa = PBXNativeTarget;
			buildConfigurationList = 1D24795624D6A8800085AB8A /* Build configuration list for PBXNativeTarget "colormind-test" */;
			buildPhases = (
				1D24793E24D6A87D0085AB8A /* Sources */,
				1D24793F24D6A87D0085AB8A /* Frameworks */,
				1D24794024D6A87D0085AB8A /* Resources */,
			);
			buildRules = (
			);
			dependencies = (
			);
			name = "colormind-test";
			productName = "colormind-test";
			productReference = 1D24794224D6A87D0085AB8A /* colormind-test.app */;
			productType = "com.apple.product-type.application";
		};
/* End PBXNativeTarget section */

/* Begin PBXProject section */
		1D24793A24D6A87D0085AB8A /* Project object */ = {
			isa = PBXProject;
			attributes = {
				LastSwiftUpdateCheck = 1160;
				LastUpgradeCheck = 1160;
				ORGANIZATIONNAME = "Rudolf Paduraru";
				TargetAttributes = {
					1D24794124D6A87D0085AB8A = {
						CreatedOnToolsVersion = 11.6;
					};
				};
			};
			buildConfigurationList = 1D24793D24D6A87D0085AB8A /* Build configuration list for PBXProject "colormind-test" */;
			compatibilityVersion = "Xcode 9.3";
			developmentRegion = en;
			hasScannedForEncodings = 0;
			knownRegions = (
				en,
				Base,
			);
			mainGroup = 1D24793924D6A87D0085AB8A;
			productRefGroup = 1D24794324D6A87D0085AB8A /* Products */;
			projectDirPath = "";
			projectRoot = "";
			targets = (
				1D24794124D6A87D0085AB8A /* colormind-test */,
			);
		};
/* End PBXProject section */

/* Begin PBXResourcesBuildPhase section */
		1D24794024D6A87D0085AB8A /* Resources */ = {
			isa = PBXResourcesBuildPhase;
			buildActionMask = 2147483647;
			files = (
				1D24795224D6A8800085AB8A /* LaunchScreen.storyboard in Resources */,
				1D24794F24D6A8800085AB8A /* Assets.xcassets in Resources */,
				1D24794D24D6A87D0085AB8A /* Main.storyboard in Resources */,
			);
			runOnlyForDeploymentPostprocessing = 0;
		};
/* End PBXResourcesBuildPhase section */

/* Begin PBXSourcesBuildPhase section */
		1D24793E24D6A87D0085AB8A /* Sources */ = {
			isa = PBXSourcesBuildPhase;
			buildActionMask = 2147483647;
			files = (
				1D24794A24D6A87D0085AB8A /* ViewController.swift in Sources */,
				1D24795A24D6AD160085AB8A /* ColormindAPI.swift in Sources */,
				1D24796824D6E6BC0085AB8A /* NavBarViewController.swift in Sources */,
				1D24796E24D6F3290085AB8A /* ListColorsTableViewController.swift in Sources */,
				1D24797024D6F5950085AB8A /* DataController.swift in Sources */,
				1D24796C24D6F0440085AB8A /* Model.xcdatamodeld in Sources */,
				1D24795C24D6B3060085AB8A /* DataApi.swift in Sources */,
				1D24794624D6A87D0085AB8A /* AppDelegate.swift in Sources */,
				1D24794824D6A87D0085AB8A /* SceneDelegate.swift in Sources */,
			);
			runOnlyForDeploymentPostprocessing = 0;
		};
/* End PBXSourcesBuildPhase section */

/* Begin PBXVariantGroup section */
		1D24794B24D6A87D0085AB8A /* Main.storyboard */ = {
			isa = PBXVariantGroup;
			children = (
				1D24794C24D6A87D0085AB8A /* Base */,
			);
			name = Main.storyboard;
			sourceTree = "<group>";
		};
		1D24795024D6A8800085AB8A /* LaunchScreen.storyboard */ = {
			isa = PBXVariantGroup;
			children = (
				1D24795124D6A8800085AB8A /* Base */,
			);
			name = LaunchScreen.storyboard;
			sourceTree = "<group>";
		};
/* End PBXVariantGroup section */

/* Begin XCBuildConfiguration section */
		1D24795424D6A8800085AB8A /* Debug */ = {
			isa = XCBuildConfiguration;
			buildSettings = {
				ALWAYS_SEARCH_USER_PATHS = NO;
				CLANG_ANALYZER_NONNULL = YES;
				CLANG_ANALYZER_NUMBER_OBJECT_CONVERSION = YES_AGGRESSIVE;
				CLANG_CXX_LANGUAGE_STANDARD = "gnu++14";
				CLANG_CXX_LIBRARY = "libc++";
				CLANG_ENABLE_MODULES = YES;
				CLANG_ENABLE_OBJC_ARC = YES;
				CLANG_ENABLE_OBJC_WEAK = YES;
				CLANG_WARN_BLOCK_CAPTURE_AUTORELEASING = YES;
				CLANG_WARN_BOOL_CONVERSION = YES;
				CLANG_WARN_COMMA = YES;
				CLANG_WARN_CONSTANT_CONVERSION = YES;
				CLANG_WARN_DEPRECATED_OBJC_IMPLEMENTATIONS = YES;
				CLANG_WARN_DIRECT_OBJC_ISA_USAGE = YES_ERROR;
				CLANG_WARN_DOCUMENTATION_COMMENTS = YES;
				CLANG_WARN_EMPTY_BODY = YES;
				CLANG_WARN_ENUM_CONVERSION = YES;
				CLANG_WARN_INFINITE_RECURSION = YES;
				CLANG_WARN_INT_CONVERSION = YES;
				CLANG_WARN_NON_LITERAL_NULL_CONVERSION = YES;
				CLANG_WARN_OBJC_IMPLICIT_RETAIN_SELF = YES;
				CLANG_WARN_OBJC_LITERAL_CONVERSION = YES;
				CLANG_WARN_OBJC_ROOT_CLASS = YES_ERROR;
				CLANG_WARN_RANGE_LOOP_ANALYSIS = YES;
				CLANG_WARN_STRICT_PROTOTYPES = YES;
				CLANG_WARN_SUSPICIOUS_MOVE = YES;
				CLANG_WARN_UNGUARDED_AVAILABILITY = YES_AGGRESSIVE;
				CLANG_WARN_UNREACHABLE_CODE = YES;
				CLANG_WARN__DUPLICATE_METHOD_MATCH = YES;
				COPY_PHASE_STRIP = NO;
				DEBUG_INFORMATION_FORMAT = dwarf;
				ENABLE_STRICT_OBJC_MSGSEND = YES;
				ENABLE_TESTABILITY = YES;
				GCC_C_LANGUAGE_STANDARD = gnu11;
				GCC_DYNAMIC_NO_PIC = NO;
				GCC_NO_COMMON_BLOCKS = YES;
				GCC_OPTIMIZATION_LEVEL = 0;
				GCC_PREPROCESSOR_DEFINITIONS = (
					"DEBUG=1",
					"$(inherited)",
				);
				GCC_WARN_64_TO_32_BIT_CONVERSION = YES;
				GCC_WARN_ABOUT_RETURN_TYPE = YES_ERROR;
				GCC_WARN_UNDECLARED_SELECTOR = YES;
				GCC_WARN_UNINITIALIZED_AUTOS = YES_AGGRESSIVE;
				GCC_WARN_UNUSED_FUNCTION = YES;
				GCC_WARN_UNUSED_VARIABLE = YES;
				IPHONEOS_DEPLOYMENT_TARGET = 13.6;
				MTL_ENABLE_DEBUG_INFO = INCLUDE_SOURCE;
				MTL_FAST_MATH = YES;
				ONLY_ACTIVE_ARCH = YES;
				SDKROOT = iphoneos;
				SWIFT_ACTIVE_COMPILATION_CONDITIONS = DEBUG;
				SWIFT_OPTIMIZATION_LEVEL = "-Onone";
			};
			name = Debug;
		};
		1D24795524D6A8800085AB8A /* Release */ = {
			isa = XCBuildConfiguration;
			buildSettings = {
				ALWAYS_SEARCH_USER_PATHS = NO;
				CLANG_ANALYZER_NONNULL = YES;
				CLANG_ANALYZER_NUMBER_OBJECT_CONVERSION = YES_AGGRESSIVE;
				CLANG_CXX_LANGUAGE_STANDARD = "gnu++14";
				CLANG_CXX_LIBRARY = "libc++";
				CLANG_ENABLE_MODULES = YES;
				CLANG_ENABLE_OBJC_ARC = YES;
				CLANG_ENABLE_OBJC_WEAK = YES;
				CLANG_WARN_BLOCK_CAPTURE_AUTORELEASING = YES;
				CLANG_WARN_BOOL_CONVERSION = YES;
				CLANG_WARN_COMMA = YES;
				CLANG_WARN_CONSTANT_CONVERSION = YES;
				CLANG_WARN_DEPRECATED_OBJC_IMPLEMENTATIONS = YES;
				CLANG_WARN_DIRECT_OBJC_ISA_USAGE = YES_ERROR;
				CLANG_WARN_DOCUMENTATION_COMMENTS = YES;
				CLANG_WARN_EMPTY_BODY = YES;
				CLANG_WARN_ENUM_CONVERSION = YES;
				CLANG_WARN_INFINITE_RECURSION = YES;
				CLANG_WARN_INT_CONVERSION = YES;
				CLANG_WARN_NON_LITERAL_NULL_CONVERSION = YES;
				CLANG_WARN_OBJC_IMPLICIT_RETAIN_SELF = YES;
				CLANG_WARN_OBJC_LITERAL_CONVERSION = YES;
				CLANG_WARN_OBJC_ROOT_CLASS = YES_ERROR;
				CLANG_WARN_RANGE_LOOP_ANALYSIS = YES;
				CLANG_WARN_STRICT_PROTOTYPES = YES;
				CLANG_WARN_SUSPICIOUS_MOVE = YES;
				CLANG_WARN_UNGUARDED_AVAILABILITY = YES_AGGRESSIVE;
				CLANG_WARN_UNREACHABLE_CODE = YES;
				CLANG_WARN__DUPLICATE_METHOD_MATCH = YES;
				COPY_PHASE_STRIP = NO;
				DEBUG_INFORMATION_FORMAT = "dwarf-with-dsym";
				ENABLE_NS_ASSERTIONS = NO;
				ENABLE_STRICT_OBJC_MSGSEND = YES;
				GCC_C_LANGUAGE_STANDARD = gnu11;
				GCC_NO_COMMON_BLOCKS = YES;
				GCC_WARN_64_TO_32_BIT_CONVERSION = YES;
				GCC_WARN_ABOUT_RETURN_TYPE = YES_ERROR;
				GCC_WARN_UNDECLARED_SELECTOR = YES;
				GCC_WARN_UNINITIALIZED_AUTOS = YES_AGGRESSIVE;
				GCC_WARN_UNUSED_FUNCTION = YES;
				GCC_WARN_UNUSED_VARIABLE = YES;
				IPHONEOS_DEPLOYMENT_TARGET = 13.6;
				MTL_ENABLE_DEBUG_INFO = NO;
				MTL_FAST_MATH = YES;
				SDKROOT = iphoneos;
				SWIFT_COMPILATION_MODE = wholemodule;
				SWIFT_OPTIMIZATION_LEVEL = "-O";
				VALIDATE_PRODUCT = YES;
			};
			name = Release;
		};
		1D24795724D6A8800085AB8A /* Debug */ = {
			isa = XCBuildConfiguration;
			buildSettings = {
				ASSETCATALOG_COMPILER_APPICON_NAME = AppIcon;
				CODE_SIGN_STYLE = Automatic;
				DEVELOPMENT_TEAM = 4J3PD5GZ5Q;
				INFOPLIST_FILE = "colormind-test/Info.plist";
				LD_RUNPATH_SEARCH_PATHS = (
					"$(inherited)",
					"@executable_path/Frameworks",
				);
				PRODUCT_BUNDLE_IDENTIFIER = "ph.colormind-test";
				PRODUCT_NAME = "$(TARGET_NAME)";
				SWIFT_VERSION = 5.0;
				TARGETED_DEVICE_FAMILY = "1,2";
			};
			name = Debug;
		};
		1D24795824D6A8800085AB8A /* Release */ = {
			isa = XCBuildConfiguration;
			buildSettings = {
				ASSETCATALOG_COMPILER_APPICON_NAME = AppIcon;
				CODE_SIGN_STYLE = Automatic;
				DEVELOPMENT_TEAM = 4J3PD5GZ5Q;
				INFOPLIST_FILE = "colormind-test/Info.plist";
				LD_RUNPATH_SEARCH_PATHS = (
					"$(inherited)",
					"@executable_path/Frameworks",
				);
				PRODUCT_BUNDLE_IDENTIFIER = "ph.colormind-test";
				PRODUCT_NAME = "$(TARGET_NAME)";
				SWIFT_VERSION = 5.0;
				TARGETED_DEVICE_FAMILY = "1,2";
			};
			name = Release;
		};
/* End XCBuildConfiguration section */

/* Begin XCConfigurationList section */
		1D24793D24D6A87D0085AB8A /* Build configuration list for PBXProject "colormind-test" */ = {
			isa = XCConfigurationList;
			buildConfigurations = (
				1D24795424D6A8800085AB8A /* Debug */,
				1D24795524D6A8800085AB8A /* Release */,
			);
			defaultConfigurationIsVisible = 0;
			defaultConfigurationName = Release;
		};
		1D24795624D6A8800085AB8A /* Build configuration list for PBXNativeTarget "colormind-test" */ = {
			isa = XCConfigurationList;
			buildConfigurations = (
				1D24795724D6A8800085AB8A /* Debug */,
				1D24795824D6A8800085AB8A /* Release */,
			);
			defaultConfigurationIsVisible = 0;
			defaultConfigurationName = Release;
		};
/* End XCConfigurationList section */

/* Begin XCVersionGroup section */
		1D24796A24D6F0440085AB8A /* Model.xcdatamodeld */ = {
			isa = XCVersionGroup;
			children = (
				1D24796B24D6F0440085AB8A /* Model.xcdatamodel */,
			);
			currentVersion = 1D24796B24D6F0440085AB8A /* Model.xcdatamodel */;
			path = Model.xcdatamodeld;
			sourceTree = "<group>";
			versionGroupType = wrapper.xcdatamodel;
		};
/* End XCVersionGroup section */
	};
	rootObject = 1D24793A24D6A87D0085AB8A /* Project object */;
}
